
Microsoft Visual Studio Solution File, Format Version 12.00
# Visual Studio Version 17
VisualStudioVersion = 17.3.32825.248
MinimumVisualStudioVersion = 10.0.40219.1
Project("{8BC9CEB8-8B4A-11D0-8D11-00A0C91BC942}") = "find_my_mouse_pointer", "find_my_mouse_pointer.vcxproj", "{F22BC7AC-1277-4C73-9D83-E2F7B9989BF0}"
EndProject
Global
	GlobalSection(SolutionConfigurationPlatforms) = preSolution
		Debug|x64 = Debug|x64
		Debug|x86 = Debug|x86
		Release|x64 = Release|x64
		Release|x86 = Release|x86
	EndGlobalSection
	GlobalSection(ProjectConfigurationPlatforms) = postSolution
		{F22BC7AC-1277-4C73-9D83-E2F7B9989BF0}.Debug|x64.ActiveCfg = Debug|x64
		{F22BC7AC-1277-4C73-9D83-E2F7B9989BF0}.Debug|x64.Build.0 = Debug|x64
		{F22BC7AC-1277-4C73-9D83-E2F7B9989BF0}.Debug|x86.ActiveCfg = Debug|Win32
		{F22BC7AC-1277-4C73-9D83-E2F7B9989BF0}.Debug|x86.Build.0 = Debug|Win32
		{F22BC7AC-1277-4C73-9D83-E2F7B9989BF0}.Release|x64.ActiveCfg = Release|x64
		{F22BC7AC-1277-4C73-9D83-E2F7B9989BF0}.Release|x64.Build.0 = Release|x64
		{F22BC7AC-1277-4C73-9D83-E2F7B9989BF0}.Release|x86.ActiveCfg = Release|Win32
		{F22BC7AC-1277-4C73-9D83-E2F7B9989BF0}.Release|x86.Build.0 = Release|Win32
	EndGlobalSection
	GlobalSection(SolutionProperties) = preSolution
		HideSolutionNode = FALSE
	EndGlobalSection
	GlobalSection(ExtensibilityGlobals) = postSolution
		SolutionGuid = {8BA464E3-EA43-43A1-9A5A-4B3C04DE7F7C}
	EndGlobalSection
EndGlobal
